
Microsoft Visual Studio Solution File, Format Version 12.00
# Visual Studio Version 17
VisualStudioVersion = 17.11.35208.52
MinimumVisualStudioVersion = 10.0.40219.1
Project("{FAE04EC0-301F-11D3-BF4B-00C04F79EFBC}") = "StarWarsLoopExploration", "StarWarsLoopExploration\StarWarsLoopExploration.csproj", "{A52672B9-5B31-42F5-AA97-1AFFF7EB4D5C}"
EndProject
Global
	GlobalSection(SolutionConfigurationPlatforms) = preSolution
		Debug|Any CPU = Debug|Any CPU
		Release|Any CPU = Release|Any CPU
	EndGlobalSection
	GlobalSection(ProjectConfigurationPlatforms) = postSolution
		{A52672B9-5B31-42F5-AA97-1AFFF7EB4D5C}.Debug|Any CPU.ActiveCfg = Debug|Any CPU
		{A52672B9-5B31-42F5-AA97-1AFFF7EB4D5C}.Debug|Any CPU.Build.0 = Debug|Any CPU
		{A52672B9-5B31-42F5-AA97-1AFFF7EB4D5C}.Release|Any CPU.ActiveCfg = Release|Any CPU
		{A52672B9-5B31-42F5-AA97-1AFFF7EB4D5C}.Release|Any CPU.Build.0 = Release|Any CPU
	EndGlobalSection
	GlobalSection(SolutionProperties) = preSolution
		HideSolutionNode = FALSE
	EndGlobalSection
	GlobalSection(ExtensibilityGlobals) = postSolution
		SolutionGuid = {D20401CC-B68D-437D-8418-CADA07D5141E}
	EndGlobalSection
EndGlobal
